
Microsoft Visual Studio Solution File, Format Version 12.00
# Visual Studio Version 16
VisualStudioVersion = 16.0.31005.135
MinimumVisualStudioVersion = 10.0.40219.1
Project("{9A19103F-16F7-4668-BE54-9A1E7A4F7556}") = "Entities", "..\Entities\Entities.csproj", "{B0897725-FDCC-4E7D-A9C1-AB1CB8B379DB}"
EndProject
Project("{9A19103F-16F7-4668-BE54-9A1E7A4F7556}") = "DataAccsess", "..\DataAccsess\DataAccsess.csproj", "{D5BF97E4-99A9-4D1E-B27B-59E76579FE31}"
EndProject
Project("{9A19103F-16F7-4668-BE54-9A1E7A4F7556}") = "Business", "..\Business\Business.csproj", "{6A67679C-D10D-4EB8-AAE1-27586BB18CF8}"
EndProject
Project("{9A19103F-16F7-4668-BE54-9A1E7A4F7556}") = "ConsoleUI", "..\ConsoleUI\ConsoleUI.csproj", "{F8212C67-8ECC-49F1-B05B-AF28E559306D}"
EndProject
Global
	GlobalSection(SolutionConfigurationPlatforms) = preSolution
		Debug|Any CPU = Debug|Any CPU
		Release|Any CPU = Release|Any CPU
	EndGlobalSection
	GlobalSection(ProjectConfigurationPlatforms) = postSolution
		{B0897725-FDCC-4E7D-A9C1-AB1CB8B379DB}.Debug|Any CPU.ActiveCfg = Debug|Any CPU
		{B0897725-FDCC-4E7D-A9C1-AB1CB8B379DB}.Debug|Any CPU.Build.0 = Debug|Any CPU
		{B0897725-FDCC-4E7D-A9C1-AB1CB8B379DB}.Release|Any CPU.ActiveCfg = Release|Any CPU
		{B0897725-FDCC-4E7D-A9C1-AB1CB8B379DB}.Release|Any CPU.Build.0 = Release|Any CPU
		{D5BF97E4-99A9-4D1E-B27B-59E76579FE31}.Debug|Any CPU.ActiveCfg = Debug|Any CPU
		{D5BF97E4-99A9-4D1E-B27B-59E76579FE31}.Debug|Any CPU.Build.0 = Debug|Any CPU
		{D5BF97E4-99A9-4D1E-B27B-59E76579FE31}.Release|Any CPU.ActiveCfg = Release|Any CPU
		{D5BF97E4-99A9-4D1E-B27B-59E76579FE31}.Release|Any CPU.Build.0 = Release|Any CPU
		{6A67679C-D10D-4EB8-AAE1-27586BB18CF8}.Debug|Any CPU.ActiveCfg = Debug|Any CPU
		{6A67679C-D10D-4EB8-AAE1-27586BB18CF8}.Debug|Any CPU.Build.0 = Debug|Any CPU
		{6A67679C-D10D-4EB8-AAE1-27586BB18CF8}.Release|Any CPU.ActiveCfg = Release|Any CPU
		{6A67679C-D10D-4EB8-AAE1-27586BB18CF8}.Release|Any CPU.Build.0 = Release|Any CPU
		{F8212C67-8ECC-49F1-B05B-AF28E559306D}.Debug|Any CPU.ActiveCfg = Debug|Any CPU
		{F8212C67-8ECC-49F1-B05B-AF28E559306D}.Debug|Any CPU.Build.0 = Debug|Any CPU
		{F8212C67-8ECC-49F1-B05B-AF28E559306D}.Release|Any CPU.ActiveCfg = Release|Any CPU
		{F8212C67-8ECC-49F1-B05B-AF28E559306D}.Release|Any CPU.Build.0 = Release|Any CPU
	EndGlobalSection
	GlobalSection(SolutionProperties) = preSolution
		HideSolutionNode = FALSE
	EndGlobalSection
	GlobalSection(ExtensibilityGlobals) = postSolution
		SolutionGuid = {90854C14-ED91-4394-BAA6-1DA20B3F313C}
	EndGlobalSection
EndGlobal
